[0m[1mtls_private_key.webt1_private_key: Refreshing state... [id=1afb0cce421edbb217bf636688207ce5aefa6f62][0m
[0m[1mlocal_file.private_key: Refreshing state... [id=dab5f85d0c95b50f64251050378f5b0298611707][0m
[0m[1maws_key_pair.task1_key: Refreshing state... [id=task1_key][0m
[0m[1maws_security_group.allow_http_ssh: Refreshing state... [id=sg-052f67238982d9aad][0m
[0m[1maws_instance.task1_instance: Refreshing state... [id=i-02703ab6cb46aa569][0m
[0m
[1m[36mNote:[0m[1m Objects have changed outside of Terraform[0m

[0mTerraform detected the following changes made outside of Terraform since the
last "terraform apply" which may have affected this plan:

[1m  # aws_security_group.allow_http_ssh[0m has been deleted[0m[0m
[0m  [31m-[0m[0m resource "aws_security_group" "allow_http_ssh" {
        [1m[0mid[0m[0m                     = "sg-052f67238982d9aad"
      [31m-[0m [0m[1m[0mname[0m[0m                   = "allow_http" [90m->[0m [0m[90mnull[0m[0m
        [1m[0mtags[0m[0m                   = {
            "Name" = "allow_http_ssh"
        }
        [90m# (8 unchanged attributes hidden)[0m[0m
    }


Unless you have made equivalent changes to your configuration, or ignored the
relevant attributes using ignore_changes, the following plan may include
actions to undo or respond to these changes.
[90m
─────────────────────────────────────────────────────────────────────────────[0m

Terraform used the selected providers to generate the following execution
plan. Resource actions are indicated with the following symbols:
  [32m+[0m create
[0m
Terraform will perform the following actions:

[1m  # aws_instance.my_instance[0m will be created[0m[0m
[0m  [32m+[0m[0m resource "aws_instance" "my_instance" {
      [32m+[0m [0m[1m[0mami[0m[0m                                  = "ami-08e2d37b6a0129927"
      [32m+[0m [0m[1m[0marn[0m[0m                                  = (known after apply)
      [32m+[0m [0m[1m[0massociate_public_ip_address[0m[0m          = (known after apply)
      [32m+[0m [0m[1m[0mavailability_zone[0m[0m                    = "us-west-2c"
      [32m+[0m [0m[1m[0mcpu_core_count[0m[0m                       = (known after apply)
      [32m+[0m [0m[1m[0mcpu_threads_per_core[0m[0m                 = (known after apply)
      [32m+[0m [0m[1m[0mdisable_api_stop[0m[0m                     = (known after apply)
      [32m+[0m [0m[1m[0mdisable_api_termination[0m[0m              = (known after apply)
      [32m+[0m [0m[1m[0mebs_optimized[0m[0m                        = (known after apply)
      [32m+[0m [0m[1m[0mget_password_data[0m[0m                    = false
      [32m+[0m [0m[1m[0mhost_id[0m[0m                              = (known after apply)
      [32m+[0m [0m[1m[0mhost_resource_group_arn[0m[0m              = (known after apply)
      [32m+[0m [0m[1m[0mid[0m[0m                                   = (known after apply)
      [32m+[0m [0m[1m[0minstance_initiated_shutdown_behavior[0m[0m = (known after apply)
      [32m+[0m [0m[1m[0minstance_state[0m[0m                       = (known after apply)
      [32m+[0m [0m[1m[0minstance_type[0m[0m                        = "t2.micro"
      [32m+[0m [0m[1m[0mipv6_address_count[0m[0m                   = (known after apply)
      [32m+[0m [0m[1m[0mipv6_addresses[0m[0m                       = (known after apply)
      [32m+[0m [0m[1m[0mkey_name[0m[0m                             = "task1_key"
      [32m+[0m [0m[1m[0mmonitoring[0m[0m                           = (known after apply)
      [32m+[0m [0m[1m[0moutpost_arn[0m[0m                          = (known after apply)
      [32m+[0m [0m[1m[0mpassword_data[0m[0m                        = (known after apply)
      [32m+[0m [0m[1m[0mplacement_group[0m[0m                      = (known after apply)
      [32m+[0m [0m[1m[0mplacement_partition_number[0m[0m           = (known after apply)
      [32m+[0m [0m[1m[0mprimary_network_interface_id[0m[0m         = (known after apply)
      [32m+[0m [0m[1m[0mprivate_dns[0m[0m                          = (known after apply)
      [32m+[0m [0m[1m[0mprivate_ip[0m[0m                           = (known after apply)
      [32m+[0m [0m[1m[0mpublic_dns[0m[0m                           = (known after apply)
      [32m+[0m [0m[1m[0mpublic_ip[0m[0m                            = (known after apply)
      [32m+[0m [0m[1m[0msecondary_private_ips[0m[0m                = (known after apply)
      [32m+[0m [0m[1m[0msecurity_groups[0m[0m                      = [
          [32m+[0m [0m"allow_http",
        ]
      [32m+[0m [0m[1m[0msource_dest_check[0m[0m                    = true
      [32m+[0m [0m[1m[0msubnet_id[0m[0m                            = (known after apply)
      [32m+[0m [0m[1m[0mtags[0m[0m                                 = {
          [32m+[0m [0m"Name" = "webserver_task1"
        }
      [32m+[0m [0m[1m[0mtags_all[0m[0m                             = {
          [32m+[0m [0m"Name" = "webserver_task1"
        }
      [32m+[0m [0m[1m[0mtenancy[0m[0m                              = (known after apply)
      [32m+[0m [0m[1m[0muser_data[0m[0m                            = (known after apply)
      [32m+[0m [0m[1m[0muser_data_base64[0m[0m                     = (known after apply)
      [32m+[0m [0m[1m[0muser_data_replace_on_change[0m[0m          = false
      [32m+[0m [0m[1m[0mvpc_security_group_ids[0m[0m               = (known after apply)

      [32m+[0m [0mcapacity_reservation_specification {
          [32m+[0m [0m[1m[0mcapacity_reservation_preference[0m[0m = (known after apply)

          [32m+[0m [0mcapacity_reservation_target {
              [32m+[0m [0m[1m[0mcapacity_reservation_id[0m[0m                 = (known after apply)
              [32m+[0m [0m[1m[0mcapacity_reservation_resource_group_arn[0m[0m = (known after apply)
            }
        }

      [32m+[0m [0mebs_block_device {
          [32m+[0m [0m[1m[0mdelete_on_termination[0m[0m = (known after apply)
          [32m+[0m [0m[1m[0mdevice_name[0m[0m           = (known after apply)
          [32m+[0m [0m[1m[0mencrypted[0m[0m             = (known after apply)
          [32m+[0m [0m[1m[0miops[0m[0m                  = (known after apply)
          [32m+[0m [0m[1m[0mkms_key_id[0m[0m            = (known after apply)
          [32m+[0m [0m[1m[0msnapshot_id[0m[0m           = (known after apply)
          [32m+[0m [0m[1m[0mtags[0m[0m                  = (known after apply)
          [32m+[0m [0m[1m[0mthroughput[0m[0m            = (known after apply)
          [32m+[0m [0m[1m[0mvolume_id[0m[0m             = (known after apply)
          [32m+[0m [0m[1m[0mvolume_size[0m[0m           = (known after apply)
          [32m+[0m [0m[1m[0mvolume_type[0m[0m           = (known after apply)
        }

      [32m+[0m [0menclave_options {
          [32m+[0m [0m[1m[0menabled[0m[0m = (known after apply)
        }

      [32m+[0m [0mephemeral_block_device {
          [32m+[0m [0m[1m[0mdevice_name[0m[0m  = (known after apply)
          [32m+[0m [0m[1m[0mno_device[0m[0m    = (known after apply)
          [32m+[0m [0m[1m[0mvirtual_name[0m[0m = (known after apply)
        }

      [32m+[0m [0mmaintenance_options {
          [32m+[0m [0m[1m[0mauto_recovery[0m[0m = (known after apply)
        }

      [32m+[0m [0mmetadata_options {
          [32m+[0m [0m[1m[0mhttp_endpoint[0m[0m               = (known after apply)
          [32m+[0m [0m[1m[0mhttp_put_response_hop_limit[0m[0m = (known after apply)
          [32m+[0m [0m[1m[0mhttp_tokens[0m[0m                 = (known after apply)
          [32m+[0m [0m[1m[0minstance_metadata_tags[0m[0m      = (known after apply)
        }

      [32m+[0m [0mnetwork_interface {
          [32m+[0m [0m[1m[0mdelete_on_termination[0m[0m = (known after apply)
          [32m+[0m [0m[1m[0mdevice_index[0m[0m          = (known after apply)
          [32m+[0m [0m[1m[0mnetwork_card_index[0m[0m    = (known after apply)
          [32m+[0m [0m[1m[0mnetwork_interface_id[0m[0m  = (known after apply)
        }

      [32m+[0m [0mprivate_dns_name_options {
          [32m+[0m [0m[1m[0menable_resource_name_dns_a_record[0m[0m    = (known after apply)
          [32m+[0m [0m[1m[0menable_resource_name_dns_aaaa_record[0m[0m = (known after apply)
          [32m+[0m [0m[1m[0mhostname_type[0m[0m                        = (known after apply)
        }

      [32m+[0m [0mroot_block_device {
          [32m+[0m [0m[1m[0mdelete_on_termination[0m[0m = (known after apply)
          [32m+[0m [0m[1m[0mdevice_name[0m[0m           = (known after apply)
          [32m+[0m [0m[1m[0mencrypted[0m[0m             = (known after apply)
          [32m+[0m [0m[1m[0miops[0m[0m                  = (known after apply)
          [32m+[0m [0m[1m[0mkms_key_id[0m[0m            = (known after apply)
          [32m+[0m [0m[1m[0mtags[0m[0m                  = (known after apply)
          [32m+[0m [0m[1m[0mthroughput[0m[0m            = (known after apply)
          [32m+[0m [0m[1m[0mvolume_id[0m[0m             = (known after apply)
          [32m+[0m [0m[1m[0mvolume_size[0m[0m           = (known after apply)
          [32m+[0m [0m[1m[0mvolume_type[0m[0m           = (known after apply)
        }
    }

[1m  # aws_security_group.allow_http_ssh[0m will be created[0m[0m
[0m  [32m+[0m[0m resource "aws_security_group" "allow_http_ssh" {
      [32m+[0m [0m[1m[0marn[0m[0m                    = (known after apply)
      [32m+[0m [0m[1m[0mdescription[0m[0m            = "Allow http inbound traffic"
      [32m+[0m [0m[1m[0megress[0m[0m                 = [
          [32m+[0m [0m{
              [32m+[0m [0mcidr_blocks      = [
                  [32m+[0m [0m"0.0.0.0/0",
                ]
              [32m+[0m [0mdescription      = ""
              [32m+[0m [0mfrom_port        = 0
              [32m+[0m [0mipv6_cidr_blocks = []
              [32m+[0m [0mprefix_list_ids  = []
              [32m+[0m [0mprotocol         = "-1"
              [32m+[0m [0msecurity_groups  = []
              [32m+[0m [0mself             = false
              [32m+[0m [0mto_port          = 0
            },
        ]
      [32m+[0m [0m[1m[0mid[0m[0m                     = (known after apply)
      [32m+[0m [0m[1m[0mingress[0m[0m                = [
          [32m+[0m [0m{
              [32m+[0m [0mcidr_blocks      = [
                  [32m+[0m [0m"0.0.0.0/0",
                ]
              [32m+[0m [0mdescription      = "http"
              [32m+[0m [0mfrom_port        = 80
              [32m+[0m [0mipv6_cidr_blocks = []
              [32m+[0m [0mprefix_list_ids  = []
              [32m+[0m [0mprotocol         = "tcp"
              [32m+[0m [0msecurity_groups  = []
              [32m+[0m [0mself             = false
              [32m+[0m [0mto_port          = 80
            },
          [32m+[0m [0m{
              [32m+[0m [0mcidr_blocks      = [
                  [32m+[0m [0m"0.0.0.0/0",
                ]
              [32m+[0m [0mdescription      = "ssh"
              [32m+[0m [0mfrom_port        = 22
              [32m+[0m [0mipv6_cidr_blocks = []
              [32m+[0m [0mprefix_list_ids  = []
              [32m+[0m [0mprotocol         = "tcp"
              [32m+[0m [0msecurity_groups  = []
              [32m+[0m [0mself             = false
              [32m+[0m [0mto_port          = 22
            },
        ]
      [32m+[0m [0m[1m[0mname[0m[0m                   = "allow_http"
      [32m+[0m [0m[1m[0mname_prefix[0m[0m            = (known after apply)
      [32m+[0m [0m[1m[0mowner_id[0m[0m               = (known after apply)
      [32m+[0m [0m[1m[0mrevoke_rules_on_delete[0m[0m = false
      [32m+[0m [0m[1m[0mtags[0m[0m                   = {
          [32m+[0m [0m"Name" = "allow_http_ssh"
        }
      [32m+[0m [0m[1m[0mtags_all[0m[0m               = {
          [32m+[0m [0m"Name" = "allow_http_ssh"
        }
      [32m+[0m [0m[1m[0mvpc_id[0m[0m                 = (known after apply)
    }

[1m  # local_file.private_key[0m will be created[0m[0m
[0m  [32m+[0m[0m resource "local_file" "private_key" {
      [32m+[0m [0m[1m[0mcontent[0m[0m              = (sensitive)
      [32m+[0m [0m[1m[0mdirectory_permission[0m[0m = "0777"
      [32m+[0m [0m[1m[0mfile_permission[0m[0m      = "400"
      [32m+[0m [0m[1m[0mfilename[0m[0m             = "webserver_key.pem"
      [32m+[0m [0m[1m[0mid[0m[0m                   = (known after apply)
    }

[0m[1mPlan:[0m 3 to add, 0 to change, 0 to destroy.
[0m[0m
[1mChanges to Outputs:[0m[0m
  [33m~[0m [0m[1m[0minstance_id[0m[0m        = "i-02703ab6cb46aa569" [33m->[0m [0m(known after apply)
  [33m~[0m [0m[1m[0minstance_public_ip[0m[0m = "54.213.34.71" [33m->[0m [0m(known after apply)
[0m[1mlocal_file.private_key: Creating...[0m[0m
[0m[1mlocal_file.private_key: Creation complete after 0s [id=dab5f85d0c95b50f64251050378f5b0298611707][0m
[0m[1maws_security_group.allow_http_ssh: Creating...[0m[0m
